// !$*UTF8*$!
{
	archiveVersion = 1;
	classes = {
	};
	objectVersion = 46;
	objects = {

/* Begin PBXBuildFile section */
		0E2E34101E57A65C007D27C0 /* AppDelegate.swift in Sources */ = {isa = PBXBuildFile; fileRef = 0E2E340F1E57A65C007D27C0 /* AppDelegate.swift */; };
		0E2E34151E57A65C007D27C0 /* Main.storyboard in Resources */ = {isa = PBXBuildFile; fileRef = 0E2E34131E57A65C007D27C0 /* Main.storyboard */; };
		0E2E34171E57A65C007D27C0 /* Assets.xcassets in Resources */ = {isa = PBXBuildFile; fileRef = 0E2E34161E57A65C007D27C0 /* Assets.xcassets */; };
		0E2E341A1E57A65C007D27C0 /* LaunchScreen.storyboard in Resources */ = {isa = PBXBuildFile; fileRef = 0E2E34181E57A65C007D27C0 /* LaunchScreen.storyboard */; };
		0E2E34231E57A67A007D27C0 /* NetworkProcessing.swift in Sources */ = {isa = PBXBuildFile; fileRef = 0E2E34221E57A67A007D27C0 /* NetworkProcessing.swift */; };
		0E2E34251E57C7EC007D27C0 /* Coordinate.swift in Sources */ = {isa = PBXBuildFile; fileRef = 0E2E34241E57C7EC007D27C0 /* Coordinate.swift */; };
		0E2E34271E57C8A5007D27C0 /* Location.swift in Sources */ = {isa = PBXBuildFile; fileRef = 0E2E34261E57C8A5007D27C0 /* Location.swift */; };
		0E2E34291E57CDA0007D27C0 /* Venue.swift in Sources */ = {isa = PBXBuildFile; fileRef = 0E2E34281E57CDA0007D27C0 /* Venue.swift */; };
		0E2E342B1E5908F2007D27C0 /* FoursquareEndpoint.swift in Sources */ = {isa = PBXBuildFile; fileRef = 0E2E342A1E5908F2007D27C0 /* FoursquareEndpoint.swift */; };
		0E2E342D1E59140B007D27C0 /* FoursquareClient.swift in Sources */ = {isa = PBXBuildFile; fileRef = 0E2E342C1E59140B007D27C0 /* FoursquareClient.swift */; };
		0E2E342F1E5914F7007D27C0 /* APIResult.swift in Sources */ = {isa = PBXBuildFile; fileRef = 0E2E342E1E5914F7007D27C0 /* APIResult.swift */; };
		0E2E34321E5BE1D5007D27C0 /* VenuesTableViewController.swift in Sources */ = {isa = PBXBuildFile; fileRef = 0E2E34311E5BE1D5007D27C0 /* VenuesTableViewController.swift */; };
		0E2E34351E5BEFB4007D27C0 /* VenueTableViewCell.swift in Sources */ = {isa = PBXBuildFile; fileRef = 0E2E34341E5BEFB4007D27C0 /* VenueTableViewCell.swift */; };
		0E2E34371E5E8B37007D27C0 /* LocationManager.swift in Sources */ = {isa = PBXBuildFile; fileRef = 0E2E34361E5E8B37007D27C0 /* LocationManager.swift */; };
		0E2E343A1E5E92D2007D27C0 /* MapKit.framework in Frameworks */ = {isa = PBXBuildFile; fileRef = 0E2E34391E5E92D2007D27C0 /* MapKit.framework */; };
/* End PBXBuildFile section */

/* Begin PBXFileReference section */
		0E2E340C1E57A65C007D27C0 /* VenueExplorer.app */ = {isa = PBXFileReference; explicitFileType = wrapper.application; includeInIndex = 0; path = VenueExplorer.app; sourceTree = BUILT_PRODUCTS_DIR; };
		0E2E340F1E57A65C007D27C0 /* AppDelegate.swift */ = {isa = PBXFileReference; lastKnownFileType = sourcecode.swift; path = AppDelegate.swift; sourceTree = "<group>"; };
		0E2E34141E57A65C007D27C0 /* Base */ = {isa = PBXFileReference; lastKnownFileType = file.storyboard; name = Base; path = Base.lproj/Main.storyboard; sourceTree = "<group>"; };
		0E2E34161E57A65C007D27C0 /* Assets.xcassets */ = {isa = PBXFileReference; lastKnownFileType = folder.assetcatalog; path = Assets.xcassets; sourceTree = "<group>"; };
		0E2E34191E57A65C007D27C0 /* Base */ = {isa = PBXFileReference; lastKnownFileType = file.storyboard; name = Base; path = Base.lproj/LaunchScreen.storyboard; sourceTree = "<group>"; };
		0E2E341B1E57A65C007D27C0 /* Info.plist */ = {isa = PBXFileReference; lastKnownFileType = text.plist.xml; path = Info.plist; sourceTree = "<group>"; };
		0E2E34221E57A67A007D27C0 /* NetworkProcessing.swift */ = {isa = PBXFileReference; fileEncoding = 4; lastKnownFileType = sourcecode.swift; path = NetworkProcessing.swift; sourceTree = "<group>"; };
		0E2E34241E57C7EC007D27C0 /* Coordinate.swift */ = {isa = PBXFileReference; fileEncoding = 4; lastKnownFileType = sourcecode.swift; path = Coordinate.swift; sourceTree = "<group>"; };
		0E2E34261E57C8A5007D27C0 /* Location.swift */ = {isa = PBXFileReference; fileEncoding = 4; lastKnownFileType = sourcecode.swift; path = Location.swift; sourceTree = "<group>"; };
		0E2E34281E57CDA0007D27C0 /* Venue.swift */ = {isa = PBXFileReference; fileEncoding = 4; lastKnownFileType = sourcecode.swift; path = Venue.swift; sourceTree = "<group>"; };
		0E2E342A1E5908F2007D27C0 /* FoursquareEndpoint.swift */ = {isa = PBXFileReference; fileEncoding = 4; lastKnownFileType = sourcecode.swift; path = FoursquareEndpoint.swift; sourceTree = "<group>"; };
		0E2E342C1E59140B007D27C0 /* FoursquareClient.swift */ = {isa = PBXFileReference; fileEncoding = 4; lastKnownFileType = sourcecode.swift; path = FoursquareClient.swift; sourceTree = "<group>"; };
		0E2E342E1E5914F7007D27C0 /* APIResult.swift */ = {isa = PBXFileReference; fileEncoding = 4; lastKnownFileType = sourcecode.swift; path = APIResult.swift; sourceTree = "<group>"; };
		0E2E34311E5BE1D5007D27C0 /* VenuesTableViewController.swift */ = {isa = PBXFileReference; fileEncoding = 4; lastKnownFileType = sourcecode.swift; path = VenuesTableViewController.swift; sourceTree = "<group>"; };
		0E2E34341E5BEFB4007D27C0 /* VenueTableViewCell.swift */ = {isa = PBXFileReference; fileEncoding = 4; lastKnownFileType = sourcecode.swift; path = VenueTableViewCell.swift; sourceTree = "<group>"; };
		0E2E34361E5E8B37007D27C0 /* LocationManager.swift */ = {isa = PBXFileReference; fileEncoding = 4; lastKnownFileType = sourcecode.swift; path = LocationManager.swift; sourceTree = "<group>"; };
		0E2E34391E5E92D2007D27C0 /* MapKit.framework */ = {isa = PBXFileReference; lastKnownFileType = wrapper.framework; name = MapKit.framework; path = System/Library/Frameworks/MapKit.framework; sourceTree = SDKROOT; };
/* End PBXFileReference section */

/* Begin PBXFrameworksBuildPhase section */
		0E2E34091E57A65C007D27C0 /* Frameworks */ = {
			isa = PBXFrameworksBuildPhase;
			buildActionMask = 2147483647;
			files = (
				0E2E343A1E5E92D2007D27C0 /* MapKit.framework in Frameworks */,
			);
			runOnlyForDeploymentPostprocessing = 0;
		};
/* End PBXFrameworksBuildPhase section */

/* Begin PBXGroup section */
		0E2E34031E57A65C007D27C0 = {
			isa = PBXGroup;
			children = (
				0E2E340E1E57A65C007D27C0 /* VenueExplorer */,
				0E2E340D1E57A65C007D27C0 /* Products */,
				0E2E34381E5E92D2007D27C0 /* Frameworks */,
			);
			sourceTree = "<group>";
		};
		0E2E340D1E57A65C007D27C0 /* Products */ = {
			isa = PBXGroup;
			children = (
				0E2E340C1E57A65C007D27C0 /* VenueExplorer.app */,
			);
			name = Products;
			sourceTree = "<group>";
		};
		0E2E340E1E57A65C007D27C0 /* VenueExplorer */ = {
			isa = PBXGroup;
			children = (
				0E2E340F1E57A65C007D27C0 /* AppDelegate.swift */,
				0E2E34331E5BE9F7007D27C0 /* View */,
				0E2E34301E5BE142007D27C0 /* Controller */,
				0E2E34211E57A666007D27C0 /* Model */,
				0E2E34161E57A65C007D27C0 /* Assets.xcassets */,
				0E2E341B1E57A65C007D27C0 /* Info.plist */,
			);
			path = VenueExplorer;
			sourceTree = "<group>";
		};
		0E2E34211E57A666007D27C0 /* Model */ = {
			isa = PBXGroup;
			children = (
				0E2E34221E57A67A007D27C0 /* NetworkProcessing.swift */,
				0E2E34241E57C7EC007D27C0 /* Coordinate.swift */,
				0E2E34261E57C8A5007D27C0 /* Location.swift */,
				0E2E34281E57CDA0007D27C0 /* Venue.swift */,
				0E2E342A1E5908F2007D27C0 /* FoursquareEndpoint.swift */,
				0E2E342C1E59140B007D27C0 /* FoursquareClient.swift */,
				0E2E342E1E5914F7007D27C0 /* APIResult.swift */,
				0E2E34361E5E8B37007D27C0 /* LocationManager.swift */,
			);
			name = Model;
			sourceTree = "<group>";
		};
		0E2E34301E5BE142007D27C0 /* Controller */ = {
			isa = PBXGroup;
			children = (
				0E2E34311E5BE1D5007D27C0 /* VenuesTableViewController.swift */,
			);
			name = Controller;
			sourceTree = "<group>";
		};
		0E2E34331E5BE9F7007D27C0 /* View */ = {
			isa = PBXGroup;
			children = (
				0E2E34131E57A65C007D27C0 /* Main.storyboard */,
				0E2E34181E57A65C007D27C0 /* LaunchScreen.storyboard */,
				0E2E34341E5BEFB4007D27C0 /* VenueTableViewCell.swift */,
			);
			name = View;
			sourceTree = "<group>";
		};
		0E2E34381E5E92D2007D27C0 /* Frameworks */ = {
			isa = PBXGroup;
			children = (
				0E2E34391E5E92D2007D27C0 /* MapKit.framework */,
			);
			name = Frameworks;
			sourceTree = "<group>";
		};
/* End PBXGroup section */

/* Begin PBXNativeTarget section */
		0E2E340B1E57A65C007D27C0 /* VenueExplorer */ = {
			isa = PBXNativeTarget;
			buildConfigurationList = 0E2E341E1E57A65C007D27C0 /* Build configuration list for PBXNativeTarget "VenueExplorer" */;
			buildPhases = (
				0E2E34081E57A65C007D27C0 /* Sources */,
				0E2E34091E57A65C007D27C0 /* Frameworks */,
				0E2E340A1E57A65C007D27C0 /* Resources */,
			);
			buildRules = (
			);
			dependencies = (
			);
			name = VenueExplorer;
			productName = VenueExplorer;
			productReference = 0E2E340C1E57A65C007D27C0 /* VenueExplorer.app */;
			productType = "com.apple.product-type.application";
		};
/* End PBXNativeTarget section */

/* Begin PBXProject section */
		0E2E34041E57A65C007D27C0 /* Project object */ = {
			isa = PBXProject;
			attributes = {
				LastSwiftUpdateCheck = 0800;
				LastUpgradeCheck = 0820;
				ORGANIZATIONNAME = "Seize Software";
				TargetAttributes = {
					0E2E340B1E57A65C007D27C0 = {
						CreatedOnToolsVersion = 8.0;
						DevelopmentTeam = WZX9ALEXUY;
						ProvisioningStyle = Automatic;
						SystemCapabilities = {
							com.apple.Maps.iOS = {
								enabled = 1;
							};
						};
					};
				};
			};
			buildConfigurationList = 0E2E34071E57A65C007D27C0 /* Build configuration list for PBXProject "VenueExplorer" */;
			compatibilityVersion = "Xcode 3.2";
			developmentRegion = English;
			hasScannedForEncodings = 0;
			knownRegions = (
				en,
				Base,
			);
			mainGroup = 0E2E34031E57A65C007D27C0;
			productRefGroup = 0E2E340D1E57A65C007D27C0 /* Products */;
			projectDirPath = "";
			projectRoot = "";
			targets = (
				0E2E340B1E57A65C007D27C0 /* VenueExplorer */,
			);
		};
/* End PBXProject section */

/* Begin PBXResourcesBuildPhase section */
		0E2E340A1E57A65C007D27C0 /* Resources */ = {
			isa = PBXResourcesBuildPhase;
			buildActionMask = 2147483647;
			files = (
				0E2E341A1E57A65C007D27C0 /* LaunchScreen.storyboard in Resources */,
				0E2E34171E57A65C007D27C0 /* Assets.xcassets in Resources */,
				0E2E34151E57A65C007D27C0 /* Main.storyboard in Resources */,
			);
			runOnlyForDeploymentPostprocessing = 0;
		};
/* End PBXResourcesBuildPhase section */

/* Begin PBXSourcesBuildPhase section */
		0E2E34081E57A65C007D27C0 /* Sources */ = {
			isa = PBXSourcesBuildPhase;
			buildActionMask = 2147483647;
			files = (
				0E2E342F1E5914F7007D27C0 /* APIResult.swift in Sources */,
				0E2E342B1E5908F2007D27C0 /* FoursquareEndpoint.swift in Sources */,
				0E2E34321E5BE1D5007D27C0 /* VenuesTableViewController.swift in Sources */,
				0E2E34291E57CDA0007D27C0 /* Venue.swift in Sources */,
				0E2E34101E57A65C007D27C0 /* AppDelegate.swift in Sources */,
				0E2E34271E57C8A5007D27C0 /* Location.swift in Sources */,
				0E2E342D1E59140B007D27C0 /* FoursquareClient.swift in Sources */,
				0E2E34371E5E8B37007D27C0 /* LocationManager.swift in Sources */,
				0E2E34231E57A67A007D27C0 /* NetworkProcessing.swift in Sources */,
				0E2E34251E57C7EC007D27C0 /* Coordinate.swift in Sources */,
				0E2E34351E5BEFB4007D27C0 /* VenueTableViewCell.swift in Sources */,
			);
			runOnlyForDeploymentPostprocessing = 0;
		};
/* End PBXSourcesBuildPhase section */

/* Begin PBXVariantGroup section */
		0E2E34131E57A65C007D27C0 /* Main.storyboard */ = {
			isa = PBXVariantGroup;
			children = (
				0E2E34141E57A65C007D27C0 /* Base */,
			);
			name = Main.storyboard;
			sourceTree = "<group>";
		};
		0E2E34181E57A65C007D27C0 /* LaunchScreen.storyboard */ = {
			isa = PBXVariantGroup;
			children = (
				0E2E34191E57A65C007D27C0 /* Base */,
			);
			name = LaunchScreen.storyboard;
			sourceTree = "<group>";
		};
/* End PBXVariantGroup section */

/* Begin XCBuildConfiguration section */
		0E2E341C1E57A65C007D27C0 /* Debug */ = {
			isa = XCBuildConfiguration;
			buildSettings = {
				ALWAYS_SEARCH_USER_PATHS = NO;
				CLANG_ANALYZER_NONNULL = YES;
				CLANG_CXX_LANGUAGE_STANDARD = "gnu++0x";
				CLANG_CXX_LIBRARY = "libc++";
				CLANG_ENABLE_MODULES = YES;
				CLANG_ENABLE_OBJC_ARC = YES;
				CLANG_WARN_BOOL_CONVERSION = YES;
				CLANG_WARN_CONSTANT_CONVERSION = YES;
				CLANG_WARN_DIRECT_OBJC_ISA_USAGE = YES_ERROR;
				CLANG_WARN_DOCUMENTATION_COMMENTS = YES;
				CLANG_WARN_EMPTY_BODY = YES;
				CLANG_WARN_ENUM_CONVERSION = YES;
				CLANG_WARN_INFINITE_RECURSION = YES;
				CLANG_WARN_INT_CONVERSION = YES;
				CLANG_WARN_OBJC_ROOT_CLASS = YES_ERROR;
				CLANG_WARN_SUSPICIOUS_MOVE = YES;
				CLANG_WARN_SUSPICIOUS_MOVES = YES;
				CLANG_WARN_UNREACHABLE_CODE = YES;
				CLANG_WARN__DUPLICATE_METHOD_MATCH = YES;
				"CODE_SIGN_IDENTITY[sdk=iphoneos*]" = "iPhone Developer";
				COPY_PHASE_STRIP = NO;
				DEBUG_INFORMATION_FORMAT = dwarf;
				ENABLE_STRICT_OBJC_MSGSEND = YES;
				ENABLE_TESTABILITY = YES;
				GCC_C_LANGUAGE_STANDARD = gnu99;
				GCC_DYNAMIC_NO_PIC = NO;
				GCC_NO_COMMON_BLOCKS = YES;
				GCC_OPTIMIZATION_LEVEL = 0;
				GCC_PREPROCESSOR_DEFINITIONS = (
					"DEBUG=1",
					"$(inherited)",
				);
				GCC_WARN_64_TO_32_BIT_CONVERSION = YES;
				GCC_WARN_ABOUT_RETURN_TYPE = YES_ERROR;
				GCC_WARN_UNDECLARED_SELECTOR = YES;
				GCC_WARN_UNINITIALIZED_AUTOS = YES_AGGRESSIVE;
				GCC_WARN_UNUSED_FUNCTION = YES;
				GCC_WARN_UNUSED_VARIABLE = YES;
				IPHONEOS_DEPLOYMENT_TARGET = 10.0;
				MTL_ENABLE_DEBUG_INFO = YES;
				ONLY_ACTIVE_ARCH = YES;
				SDKROOT = iphoneos;
				SWIFT_ACTIVE_COMPILATION_CONDITIONS = DEBUG;
				SWIFT_OPTIMIZATION_LEVEL = "-Onone";
				TARGETED_DEVICE_FAMILY = "1,2";
			};
			name = Debug;
		};
		0E2E341D1E57A65C007D27C0 /* Release */ = {
			isa = XCBuildConfiguration;
			buildSettings = {
				ALWAYS_SEARCH_USER_PATHS = NO;
				CLANG_ANALYZER_NONNULL = YES;
				CLANG_CXX_LANGUAGE_STANDARD = "gnu++0x";
				CLANG_CXX_LIBRARY = "libc++";
				CLANG_ENABLE_MODULES = YES;
				CLANG_ENABLE_OBJC_ARC = YES;
				CLANG_WARN_BOOL_CONVERSION = YES;
				CLANG_WARN_CONSTANT_CONVERSION = YES;
				CLANG_WARN_DIRECT_OBJC_ISA_USAGE = YES_ERROR;
				CLANG_WARN_DOCUMENTATION_COMMENTS = YES;
				CLANG_WARN_EMPTY_BODY = YES;
				CLANG_WARN_ENUM_CONVERSION = YES;
				CLANG_WARN_INFINITE_RECURSION = YES;
				CLANG_WARN_INT_CONVERSION = YES;
				CLANG_WARN_OBJC_ROOT_CLASS = YES_ERROR;
				CLANG_WARN_SUSPICIOUS_MOVE = YES;
				CLANG_WARN_SUSPICIOUS_MOVES = YES;
				CLANG_WARN_UNREACHABLE_CODE = YES;
				CLANG_WARN__DUPLICATE_METHOD_MATCH = YES;
				"CODE_SIGN_IDENTITY[sdk=iphoneos*]" = "iPhone Developer";
				COPY_PHASE_STRIP = NO;
				DEBUG_INFORMATION_FORMAT = "dwarf-with-dsym";
				ENABLE_NS_ASSERTIONS = NO;
				ENABLE_STRICT_OBJC_MSGSEND = YES;
				GCC_C_LANGUAGE_STANDARD = gnu99;
				GCC_NO_COMMON_BLOCKS = YES;
				GCC_WARN_64_TO_32_BIT_CONVERSION = YES;
				GCC_WARN_ABOUT_RETURN_TYPE = YES_ERROR;
				GCC_WARN_UNDECLARED_SELECTOR = YES;
				GCC_WARN_UNINITIALIZED_AUTOS = YES_AGGRESSIVE;
				GCC_WARN_UNUSED_FUNCTION = YES;
				GCC_WARN_UNUSED_VARIABLE = YES;
				IPHONEOS_DEPLOYMENT_TARGET = 10.0;
				MTL_ENABLE_DEBUG_INFO = NO;
				SDKROOT = iphoneos;
				SWIFT_OPTIMIZATION_LEVEL = "-Owholemodule";
				TARGETED_DEVICE_FAMILY = "1,2";
				VALIDATE_PRODUCT = YES;
			};
			name = Release;
		};
		0E2E341F1E57A65C007D27C0 /* Debug */ = {
			isa = XCBuildConfiguration;
			buildSettings = {
				ASSETCATALOG_COMPILER_APPICON_NAME = AppIcon;
				DEVELOPMENT_TEAM = WZX9ALEXUY;
				INFOPLIST_FILE = VenueExplorer/Info.plist;
				LD_RUNPATH_SEARCH_PATHS = "$(inherited) @executable_path/Frameworks";
				PRODUCT_BUNDLE_IDENTIFIER = SeizeSoftware.VenueExplorer;
				PRODUCT_NAME = "$(TARGET_NAME)";
				SWIFT_VERSION = 3.0;
			};
			name = Debug;
		};
		0E2E34201E57A65C007D27C0 /* Release */ = {
			isa = XCBuildConfiguration;
			buildSettings = {
				ASSETCATALOG_COMPILER_APPICON_NAME = AppIcon;
				DEVELOPMENT_TEAM = WZX9ALEXUY;
				INFOPLIST_FILE = VenueExplorer/Info.plist;
				LD_RUNPATH_SEARCH_PATHS = "$(inherited) @executable_path/Frameworks";
				PRODUCT_BUNDLE_IDENTIFIER = SeizeSoftware.VenueExplorer;
				PRODUCT_NAME = "$(TARGET_NAME)";
				SWIFT_VERSION = 3.0;
			};
			name = Release;
		};
/* End XCBuildConfiguration section */

/* Begin XCConfigurationList section */
		0E2E34071E57A65C007D27C0 /* Build configuration list for PBXProject "VenueExplorer" */ = {
			isa = XCConfigurationList;
			buildConfigurations = (
				0E2E341C1E57A65C007D27C0 /* Debug */,
				0E2E341D1E57A65C007D27C0 /* Release */,
			);
			defaultConfigurationIsVisible = 0;
			defaultConfigurationName = Release;
		};
		0E2E341E1E57A65C007D27C0 /* Build configuration list for PBXNativeTarget "VenueExplorer" */ = {
			isa = XCConfigurationList;
			buildConfigurations = (
				0E2E341F1E57A65C007D27C0 /* Debug */,
				0E2E34201E57A65C007D27C0 /* Release */,
			);
			defaultConfigurationIsVisible = 0;
			defaultConfigurationName = Release;
		};
/* End XCConfigurationList section */
	};
	rootObject = 0E2E34041E57A65C007D27C0 /* Project object */;
}
